
Microsoft Visual Studio Solution File, Format Version 12.00
# Visual Studio Version 17
VisualStudioVersion = 17.7.34003.232
MinimumVisualStudioVersion = 10.0.40219.1
Project("{00D1A9C2-B5F0-4AF3-8072-F6C62B433612}") = "GiftCardDB", "GiftCardDB.sqlproj", "{AFE9B015-12FE-4198-AB88-5F70EEE72D8D}"
EndProject
Global
	GlobalSection(SolutionConfigurationPlatforms) = preSolution
		Debug|Any CPU = Debug|Any CPU
		Release|Any CPU = Release|Any CPU
	EndGlobalSection
	GlobalSection(ProjectConfigurationPlatforms) = postSolution
		{AFE9B015-12FE-4198-AB88-5F70EEE72D8D}.Debug|Any CPU.ActiveCfg = Debug|Any CPU
		{AFE9B015-12FE-4198-AB88-5F70EEE72D8D}.Debug|Any CPU.Build.0 = Debug|Any CPU
		{AFE9B015-12FE-4198-AB88-5F70EEE72D8D}.Debug|Any CPU.Deploy.0 = Debug|Any CPU
		{AFE9B015-12FE-4198-AB88-5F70EEE72D8D}.Release|Any CPU.ActiveCfg = Release|Any CPU
		{AFE9B015-12FE-4198-AB88-5F70EEE72D8D}.Release|Any CPU.Build.0 = Release|Any CPU
		{AFE9B015-12FE-4198-AB88-5F70EEE72D8D}.Release|Any CPU.Deploy.0 = Release|Any CPU
	EndGlobalSection
	GlobalSection(SolutionProperties) = preSolution
		HideSolutionNode = FALSE
	EndGlobalSection
	GlobalSection(ExtensibilityGlobals) = postSolution
		SolutionGuid = {F5C3D772-D224-4485-9359-05190BAB5E5F}
	EndGlobalSection
EndGlobal
